// !$*UTF8*$!
{
	archiveVersion = 1;
	classes = {
	};
	objectVersion = 46;
	objects = {

/* Begin PBXBuildFile section */
		E2101E6F1FCAFE1B00515A6F /* EventSpec.swift in Sources */ = {isa = PBXBuildFile; fileRef = E2101E6E1FCAFE1B00515A6F /* EventSpec.swift */; };
		E2101E711FCB9F7E00515A6F /* EventManagerSpec.swift in Sources */ = {isa = PBXBuildFile; fileRef = E2101E701FCB9F7E00515A6F /* EventManagerSpec.swift */; };
		E2101E731FCBAD7B00515A6F /* MapViewControllerSpec.swift in Sources */ = {isa = PBXBuildFile; fileRef = E2101E721FCBAD7B00515A6F /* MapViewControllerSpec.swift */; };
		E25FFE981FC6EDA500F1F3A5 /* AppDelegate.swift in Sources */ = {isa = PBXBuildFile; fileRef = E25FFE971FC6EDA500F1F3A5 /* AppDelegate.swift */; };
		E25FFE9A1FC6EDA500F1F3A5 /* ViewController.swift in Sources */ = {isa = PBXBuildFile; fileRef = E25FFE991FC6EDA500F1F3A5 /* ViewController.swift */; };
		E25FFE9D1FC6EDA500F1F3A5 /* Main.storyboard in Resources */ = {isa = PBXBuildFile; fileRef = E25FFE9B1FC6EDA500F1F3A5 /* Main.storyboard */; };
		E25FFEA01FC6EDA500F1F3A5 /* EventKeeper.xcdatamodeld in Sources */ = {isa = PBXBuildFile; fileRef = E25FFE9E1FC6EDA500F1F3A5 /* EventKeeper.xcdatamodeld */; };
		E25FFEA21FC6EDA500F1F3A5 /* Assets.xcassets in Resources */ = {isa = PBXBuildFile; fileRef = E25FFEA11FC6EDA500F1F3A5 /* Assets.xcassets */; };
		E25FFEA51FC6EDA500F1F3A5 /* LaunchScreen.storyboard in Resources */ = {isa = PBXBuildFile; fileRef = E25FFEA31FC6EDA500F1F3A5 /* LaunchScreen.storyboard */; };
		E25FFEBB1FC6EFDC00F1F3A5 /* Event.swift in Sources */ = {isa = PBXBuildFile; fileRef = E25FFEBA1FC6EFDC00F1F3A5 /* Event.swift */; };
		E25FFEBD1FC6F08A00F1F3A5 /* EventManager.swift in Sources */ = {isa = PBXBuildFile; fileRef = E25FFEBC1FC6F08A00F1F3A5 /* EventManager.swift */; };
		E25FFEBF1FC6F1CD00F1F3A5 /* AddDetailsViewController.swift in Sources */ = {isa = PBXBuildFile; fileRef = E25FFEBE1FC6F1CD00F1F3A5 /* AddDetailsViewController.swift */; };
		E25FFEC11FC6F2B800F1F3A5 /* DetailViewController.swift in Sources */ = {isa = PBXBuildFile; fileRef = E25FFEC01FC6F2B800F1F3A5 /* DetailViewController.swift */; };
		E25FFEC31FC6F39A00F1F3A5 /* ListCell.swift in Sources */ = {isa = PBXBuildFile; fileRef = E25FFEC21FC6F39A00F1F3A5 /* ListCell.swift */; };
		E25FFECE1FC6F5FC00F1F3A5 /* Nimble.framework in Frameworks */ = {isa = PBXBuildFile; fileRef = E25FFEC51FC6F4CA00F1F3A5 /* Nimble.framework */; };
		E25FFECF1FC6F5FC00F1F3A5 /* Quick.framework in Frameworks */ = {isa = PBXBuildFile; fileRef = E25FFEC61FC6F4CA00F1F3A5 /* Quick.framework */; };
		E25FFED31FC6F61700F1F3A5 /* Nimble.framework in CopyFiles */ = {isa = PBXBuildFile; fileRef = E25FFED11FC6F61700F1F3A5 /* Nimble.framework */; settings = {ATTRIBUTES = (CodeSignOnCopy, RemoveHeadersOnCopy, ); }; };
		E25FFED41FC6F61700F1F3A5 /* Quick.framework in CopyFiles */ = {isa = PBXBuildFile; fileRef = E25FFED21FC6F61700F1F3A5 /* Quick.framework */; settings = {ATTRIBUTES = (CodeSignOnCopy, RemoveHeadersOnCopy, ); }; };
		E25FFED61FC6F6B600F1F3A5 /* ViewControllerSpec.swift in Sources */ = {isa = PBXBuildFile; fileRef = E25FFED51FC6F6B600F1F3A5 /* ViewControllerSpec.swift */; };
		E25FFED81FC7566E00F1F3A5 /* MapViewController.swift in Sources */ = {isa = PBXBuildFile; fileRef = E25FFED71FC7566E00F1F3A5 /* MapViewController.swift */; };
		E2E87C2E1FD1C959009EA536 /* AddDetailsViewControllerSpec.swift in Sources */ = {isa = PBXBuildFile; fileRef = E2E87C2D1FD1C959009EA536 /* AddDetailsViewControllerSpec.swift */; };
		E2E87C301FD1CC98009EA536 /* TabBarViewController.swift in Sources */ = {isa = PBXBuildFile; fileRef = E2E87C2F1FD1CC98009EA536 /* TabBarViewController.swift */; };
		E2E87C321FD1CCAE009EA536 /* TabBarViewControllerSpec.swift in Sources */ = {isa = PBXBuildFile; fileRef = E2E87C311FD1CCAE009EA536 /* TabBarViewControllerSpec.swift */; };
/* End PBXBuildFile section */

/* Begin PBXContainerItemProxy section */
		E25FFEAC1FC6EDA500F1F3A5 /* PBXContainerItemProxy */ = {
			isa = PBXContainerItemProxy;
			containerPortal = E25FFE8C1FC6EDA500F1F3A5 /* Project object */;
			proxyType = 1;
			remoteGlobalIDString = E25FFE931FC6EDA500F1F3A5;
			remoteInfo = EventKeeper;
		};
/* End PBXContainerItemProxy section */

/* Begin PBXCopyFilesBuildPhase section */
		E25FFEC91FC6F4CF00F1F3A5 /* CopyFiles */ = {
			isa = PBXCopyFilesBuildPhase;
			buildActionMask = 2147483647;
			dstPath = "";
			dstSubfolderSpec = 7;
			files = (
			);
			runOnlyForDeploymentPostprocessing = 0;
		};
		E25FFED01FC6F60000F1F3A5 /* CopyFiles */ = {
			isa = PBXCopyFilesBuildPhase;
			buildActionMask = 2147483647;
			dstPath = "";
			dstSubfolderSpec = 10;
			files = (
				E25FFED31FC6F61700F1F3A5 /* Nimble.framework in CopyFiles */,
				E25FFED41FC6F61700F1F3A5 /* Quick.framework in CopyFiles */,
			);
			runOnlyForDeploymentPostprocessing = 0;
		};
/* End PBXCopyFilesBuildPhase section */

/* Begin PBXFileReference section */
		E2101E6E1FCAFE1B00515A6F /* EventSpec.swift */ = {isa = PBXFileReference; fileEncoding = 4; lastKnownFileType = sourcecode.swift; path = EventSpec.swift; sourceTree = "<group>"; };
		E2101E701FCB9F7E00515A6F /* EventManagerSpec.swift */ = {isa = PBXFileReference; fileEncoding = 4; lastKnownFileType = sourcecode.swift; path = EventManagerSpec.swift; sourceTree = "<group>"; };
		E2101E721FCBAD7B00515A6F /* MapViewControllerSpec.swift */ = {isa = PBXFileReference; fileEncoding = 4; lastKnownFileType = sourcecode.swift; path = MapViewControllerSpec.swift; sourceTree = "<group>"; };
		E25FFE941FC6EDA500F1F3A5 /* EventKeeper.app */ = {isa = PBXFileReference; explicitFileType = wrapper.application; includeInIndex = 0; path = EventKeeper.app; sourceTree = BUILT_PRODUCTS_DIR; };
		E25FFE971FC6EDA500F1F3A5 /* AppDelegate.swift */ = {isa = PBXFileReference; lastKnownFileType = sourcecode.swift; path = AppDelegate.swift; sourceTree = "<group>"; };
		E25FFE991FC6EDA500F1F3A5 /* ViewController.swift */ = {isa = PBXFileReference; lastKnownFileType = sourcecode.swift; path = ViewController.swift; sourceTree = "<group>"; };
		E25FFE9C1FC6EDA500F1F3A5 /* Base */ = {isa = PBXFileReference; lastKnownFileType = file.storyboard; name = Base; path = Base.lproj/Main.storyboard; sourceTree = "<group>"; };
		E25FFE9F1FC6EDA500F1F3A5 /* EventKeeper.xcdatamodel */ = {isa = PBXFileReference; lastKnownFileType = wrapper.xcdatamodel; path = EventKeeper.xcdatamodel; sourceTree = "<group>"; };
		E25FFEA11FC6EDA500F1F3A5 /* Assets.xcassets */ = {isa = PBXFileReference; lastKnownFileType = folder.assetcatalog; path = Assets.xcassets; sourceTree = "<group>"; };
		E25FFEA41FC6EDA500F1F3A5 /* Base */ = {isa = PBXFileReference; lastKnownFileType = file.storyboard; name = Base; path = Base.lproj/LaunchScreen.storyboard; sourceTree = "<group>"; };
		E25FFEA61FC6EDA500F1F3A5 /* Info.plist */ = {isa = PBXFileReference; lastKnownFileType = text.plist.xml; path = Info.plist; sourceTree = "<group>"; };
		E25FFEAB1FC6EDA500F1F3A5 /* EventKeeperTests.xctest */ = {isa = PBXFileReference; explicitFileType = wrapper.cfbundle; includeInIndex = 0; path = EventKeeperTests.xctest; sourceTree = BUILT_PRODUCTS_DIR; };
		E25FFEB11FC6EDA500F1F3A5 /* Info.plist */ = {isa = PBXFileReference; lastKnownFileType = text.plist.xml; path = Info.plist; sourceTree = "<group>"; };
		E25FFEBA1FC6EFDC00F1F3A5 /* Event.swift */ = {isa = PBXFileReference; fileEncoding = 4; lastKnownFileType = sourcecode.swift; path = Event.swift; sourceTree = "<group>"; };
		E25FFEBC1FC6F08A00F1F3A5 /* EventManager.swift */ = {isa = PBXFileReference; fileEncoding = 4; lastKnownFileType = sourcecode.swift; path = EventManager.swift; sourceTree = "<group>"; };
		E25FFEBE1FC6F1CD00F1F3A5 /* AddDetailsViewController.swift */ = {isa = PBXFileReference; fileEncoding = 4; lastKnownFileType = sourcecode.swift; path = AddDetailsViewController.swift; sourceTree = "<group>"; };
		E25FFEC01FC6F2B800F1F3A5 /* DetailViewController.swift */ = {isa = PBXFileReference; fileEncoding = 4; lastKnownFileType = sourcecode.swift; path = DetailViewController.swift; sourceTree = "<group>"; };
		E25FFEC21FC6F39A00F1F3A5 /* ListCell.swift */ = {isa = PBXFileReference; fileEncoding = 4; lastKnownFileType = sourcecode.swift; path = ListCell.swift; sourceTree = "<group>"; };
		E25FFEC51FC6F4CA00F1F3A5 /* Nimble.framework */ = {isa = PBXFileReference; lastKnownFileType = wrapper.framework; name = Nimble.framework; path = Carthage/Build/iOS/Nimble.framework; sourceTree = "<group>"; };
		E25FFEC61FC6F4CA00F1F3A5 /* Quick.framework */ = {isa = PBXFileReference; lastKnownFileType = wrapper.framework; name = Quick.framework; path = Carthage/Build/iOS/Quick.framework; sourceTree = "<group>"; };
		E25FFED11FC6F61700F1F3A5 /* Nimble.framework */ = {isa = PBXFileReference; lastKnownFileType = wrapper.framework; name = Nimble.framework; path = Carthage/Build/iOS/Nimble.framework; sourceTree = "<group>"; };
		E25FFED21FC6F61700F1F3A5 /* Quick.framework */ = {isa = PBXFileReference; lastKnownFileType = wrapper.framework; name = Quick.framework; path = Carthage/Build/iOS/Quick.framework; sourceTree = "<group>"; };
		E25FFED51FC6F6B600F1F3A5 /* ViewControllerSpec.swift */ = {isa = PBXFileReference; fileEncoding = 4; lastKnownFileType = sourcecode.swift; path = ViewControllerSpec.swift; sourceTree = "<group>"; };
		E25FFED71FC7566E00F1F3A5 /* MapViewController.swift */ = {isa = PBXFileReference; fileEncoding = 4; lastKnownFileType = sourcecode.swift; path = MapViewController.swift; sourceTree = "<group>"; };
		E2E87C2D1FD1C959009EA536 /* AddDetailsViewControllerSpec.swift */ = {isa = PBXFileReference; fileEncoding = 4; lastKnownFileType = sourcecode.swift; path = AddDetailsViewControllerSpec.swift; sourceTree = "<group>"; };
		E2E87C2F1FD1CC98009EA536 /* TabBarViewController.swift */ = {isa = PBXFileReference; fileEncoding = 4; lastKnownFileType = sourcecode.swift; path = TabBarViewController.swift; sourceTree = "<group>"; };
		E2E87C311FD1CCAE009EA536 /* TabBarViewControllerSpec.swift */ = {isa = PBXFileReference; fileEncoding = 4; lastKnownFileType = sourcecode.swift; path = TabBarViewControllerSpec.swift; sourceTree = "<group>"; };
/* End PBXFileReference section */

/* Begin PBXFrameworksBuildPhase section */
		E25FFE911FC6EDA500F1F3A5 /* Frameworks */ = {
			isa = PBXFrameworksBuildPhase;
			buildActionMask = 2147483647;
			files = (
			);
			runOnlyForDeploymentPostprocessing = 0;
		};
		E25FFEA81FC6EDA500F1F3A5 /* Frameworks */ = {
			isa = PBXFrameworksBuildPhase;
			buildActionMask = 2147483647;
			files = (
				E25FFECE1FC6F5FC00F1F3A5 /* Nimble.framework in Frameworks */,
				E25FFECF1FC6F5FC00F1F3A5 /* Quick.framework in Frameworks */,
			);
			runOnlyForDeploymentPostprocessing = 0;
		};
/* End PBXFrameworksBuildPhase section */

/* Begin PBXGroup section */
		E25FFE8B1FC6EDA500F1F3A5 = {
			isa = PBXGroup;
			children = (
				E25FFED11FC6F61700F1F3A5 /* Nimble.framework */,
				E25FFED21FC6F61700F1F3A5 /* Quick.framework */,
				E25FFE961FC6EDA500F1F3A5 /* EventKeeper */,
				E25FFEAE1FC6EDA500F1F3A5 /* EventKeeperTests */,
				E25FFE951FC6EDA500F1F3A5 /* Products */,
				E25FFEC41FC6F4CA00F1F3A5 /* Frameworks */,
			);
			sourceTree = "<group>";
		};
		E25FFE951FC6EDA500F1F3A5 /* Products */ = {
			isa = PBXGroup;
			children = (
				E25FFE941FC6EDA500F1F3A5 /* EventKeeper.app */,
				E25FFEAB1FC6EDA500F1F3A5 /* EventKeeperTests.xctest */,
			);
			name = Products;
			sourceTree = "<group>";
		};
		E25FFE961FC6EDA500F1F3A5 /* EventKeeper */ = {
			isa = PBXGroup;
			children = (
				E25FFE971FC6EDA500F1F3A5 /* AppDelegate.swift */,
				E25FFE991FC6EDA500F1F3A5 /* ViewController.swift */,
				E25FFE9B1FC6EDA500F1F3A5 /* Main.storyboard */,
				E25FFED71FC7566E00F1F3A5 /* MapViewController.swift */,
				E25FFEA11FC6EDA500F1F3A5 /* Assets.xcassets */,
				E25FFEA31FC6EDA500F1F3A5 /* LaunchScreen.storyboard */,
				E25FFEA61FC6EDA500F1F3A5 /* Info.plist */,
				E25FFE9E1FC6EDA500F1F3A5 /* EventKeeper.xcdatamodeld */,
				E25FFEBA1FC6EFDC00F1F3A5 /* Event.swift */,
				E25FFEBC1FC6F08A00F1F3A5 /* EventManager.swift */,
				E25FFEBE1FC6F1CD00F1F3A5 /* AddDetailsViewController.swift */,
				E25FFEC01FC6F2B800F1F3A5 /* DetailViewController.swift */,
				E25FFEC21FC6F39A00F1F3A5 /* ListCell.swift */,
				E2E87C2F1FD1CC98009EA536 /* TabBarViewController.swift */,
			);
			path = EventKeeper;
			sourceTree = "<group>";
		};
		E25FFEAE1FC6EDA500F1F3A5 /* EventKeeperTests */ = {
			isa = PBXGroup;
			children = (
				E25FFEB11FC6EDA500F1F3A5 /* Info.plist */,
				E25FFED51FC6F6B600F1F3A5 /* ViewControllerSpec.swift */,
				E2101E6E1FCAFE1B00515A6F /* EventSpec.swift */,
				E2101E701FCB9F7E00515A6F /* EventManagerSpec.swift */,
				E2101E721FCBAD7B00515A6F /* MapViewControllerSpec.swift */,
				E2E87C2D1FD1C959009EA536 /* AddDetailsViewControllerSpec.swift */,
				E2E87C311FD1CCAE009EA536 /* TabBarViewControllerSpec.swift */,
			);
			path = EventKeeperTests;
			sourceTree = "<group>";
		};
		E25FFEC41FC6F4CA00F1F3A5 /* Frameworks */ = {
			isa = PBXGroup;
			children = (
				E25FFEC51FC6F4CA00F1F3A5 /* Nimble.framework */,
				E25FFEC61FC6F4CA00F1F3A5 /* Quick.framework */,
			);
			name = Frameworks;
			sourceTree = "<group>";
		};
/* End PBXGroup section */

/* Begin PBXNativeTarget section */
		E25FFE931FC6EDA500F1F3A5 /* EventKeeper */ = {
			isa = PBXNativeTarget;
			buildConfigurationList = E25FFEB41FC6EDA500F1F3A5 /* Build configuration list for PBXNativeTarget "EventKeeper" */;
			buildPhases = (
				E25FFE901FC6EDA500F1F3A5 /* Sources */,
				E25FFE911FC6EDA500F1F3A5 /* Frameworks */,
				E25FFE921FC6EDA500F1F3A5 /* Resources */,
				E25FFEC91FC6F4CF00F1F3A5 /* CopyFiles */,
			);
			buildRules = (
			);
			dependencies = (
			);
			name = EventKeeper;
			productName = EventKeeper;
			productReference = E25FFE941FC6EDA500F1F3A5 /* EventKeeper.app */;
			productType = "com.apple.product-type.application";
		};
		E25FFEAA1FC6EDA500F1F3A5 /* EventKeeperTests */ = {
			isa = PBXNativeTarget;
			buildConfigurationList = E25FFEB71FC6EDA500F1F3A5 /* Build configuration list for PBXNativeTarget "EventKeeperTests" */;
			buildPhases = (
				E25FFEA71FC6EDA500F1F3A5 /* Sources */,
				E25FFEA81FC6EDA500F1F3A5 /* Frameworks */,
				E25FFEA91FC6EDA500F1F3A5 /* Resources */,
				E25FFED01FC6F60000F1F3A5 /* CopyFiles */,
			);
			buildRules = (
			);
			dependencies = (
				E25FFEAD1FC6EDA500F1F3A5 /* PBXTargetDependency */,
			);
			name = EventKeeperTests;
			productName = EventKeeperTests;
			productReference = E25FFEAB1FC6EDA500F1F3A5 /* EventKeeperTests.xctest */;
			productType = "com.apple.product-type.bundle.unit-test";
		};
/* End PBXNativeTarget section */

/* Begin PBXProject section */
		E25FFE8C1FC6EDA500F1F3A5 /* Project object */ = {
			isa = PBXProject;
			attributes = {
				LastSwiftUpdateCheck = 0830;
				LastUpgradeCheck = 0830;
				ORGANIZATIONNAME = "Raamot, Andrew";
				TargetAttributes = {
					E25FFE931FC6EDA500F1F3A5 = {
						CreatedOnToolsVersion = 8.3.3;
						LastSwiftMigration = 0910;
						ProvisioningStyle = Automatic;
					};
					E25FFEAA1FC6EDA500F1F3A5 = {
						CreatedOnToolsVersion = 8.3.3;
						LastSwiftMigration = 0910;
						ProvisioningStyle = Automatic;
						TestTargetID = E25FFE931FC6EDA500F1F3A5;
					};
				};
			};
			buildConfigurationList = E25FFE8F1FC6EDA500F1F3A5 /* Build configuration list for PBXProject "EventKeeper" */;
			compatibilityVersion = "Xcode 3.2";
			developmentRegion = English;
			hasScannedForEncodings = 0;
			knownRegions = (
				en,
				Base,
			);
			mainGroup = E25FFE8B1FC6EDA500F1F3A5;
			productRefGroup = E25FFE951FC6EDA500F1F3A5 /* Products */;
			projectDirPath = "";
			projectRoot = "";
			targets = (
				E25FFE931FC6EDA500F1F3A5 /* EventKeeper */,
				E25FFEAA1FC6EDA500F1F3A5 /* EventKeeperTests */,
			);
		};
/* End PBXProject section */

/* Begin PBXResourcesBuildPhase section */
		E25FFE921FC6EDA500F1F3A5 /* Resources */ = {
			isa = PBXResourcesBuildPhase;
			buildActionMask = 2147483647;
			files = (
				E25FFEA51FC6EDA500F1F3A5 /* LaunchScreen.storyboard in Resources */,
				E25FFEA21FC6EDA500F1F3A5 /* Assets.xcassets in Resources */,
				E25FFE9D1FC6EDA500F1F3A5 /* Main.storyboard in Resources */,
			);
			runOnlyForDeploymentPostprocessing = 0;
		};
		E25FFEA91FC6EDA500F1F3A5 /* Resources */ = {
			isa = PBXResourcesBuildPhase;
			buildActionMask = 2147483647;
			files = (
			);
			runOnlyForDeploymentPostprocessing = 0;
		};
/* End PBXResourcesBuildPhase section */

/* Begin PBXSourcesBuildPhase section */
		E25FFE901FC6EDA500F1F3A5 /* Sources */ = {
			isa = PBXSourcesBuildPhase;
			buildActionMask = 2147483647;
			files = (
				E25FFEBD1FC6F08A00F1F3A5 /* EventManager.swift in Sources */,
				E25FFEBB1FC6EFDC00F1F3A5 /* Event.swift in Sources */,
				E25FFEBF1FC6F1CD00F1F3A5 /* AddDetailsViewController.swift in Sources */,
				E25FFEA01FC6EDA500F1F3A5 /* EventKeeper.xcdatamodeld in Sources */,
				E25FFED81FC7566E00F1F3A5 /* MapViewController.swift in Sources */,
				E25FFE9A1FC6EDA500F1F3A5 /* ViewController.swift in Sources */,
				E25FFEC31FC6F39A00F1F3A5 /* ListCell.swift in Sources */,
				E25FFE981FC6EDA500F1F3A5 /* AppDelegate.swift in Sources */,
				E2E87C301FD1CC98009EA536 /* TabBarViewController.swift in Sources */,
				E25FFEC11FC6F2B800F1F3A5 /* DetailViewController.swift in Sources */,
			);
			runOnlyForDeploymentPostprocessing = 0;
		};
		E25FFEA71FC6EDA500F1F3A5 /* Sources */ = {
			isa = PBXSourcesBuildPhase;
			buildActionMask = 2147483647;
			files = (
				E2101E711FCB9F7E00515A6F /* EventManagerSpec.swift in Sources */,
				E2E87C2E1FD1C959009EA536 /* AddDetailsViewControllerSpec.swift in Sources */,
				E25FFED61FC6F6B600F1F3A5 /* ViewControllerSpec.swift in Sources */,
				E2E87C321FD1CCAE009EA536 /* TabBarViewControllerSpec.swift in Sources */,
				E2101E731FCBAD7B00515A6F /* MapViewControllerSpec.swift in Sources */,
				E2101E6F1FCAFE1B00515A6F /* EventSpec.swift in Sources */,
			);
			runOnlyForDeploymentPostprocessing = 0;
		};
/* End PBXSourcesBuildPhase section */

/* Begin PBXTargetDependency section */
		E25FFEAD1FC6EDA500F1F3A5 /* PBXTargetDependency */ = {
			isa = PBXTargetDependency;
			target = E25FFE931FC6EDA500F1F3A5 /* EventKeeper */;
			targetProxy = E25FFEAC1FC6EDA500F1F3A5 /* PBXContainerItemProxy */;
		};
/* End PBXTargetDependency section */

/* Begin PBXVariantGroup section */
		E25FFE9B1FC6EDA500F1F3A5 /* Main.storyboard */ = {
			isa = PBXVariantGroup;
			children = (
				E25FFE9C1FC6EDA500F1F3A5 /* Base */,
			);
			name = Main.storyboard;
			sourceTree = "<group>";
		};
		E25FFEA31FC6EDA500F1F3A5 /* LaunchScreen.storyboard */ = {
			isa = PBXVariantGroup;
			children = (
				E25FFEA41FC6EDA500F1F3A5 /* Base */,
			);
			name = LaunchScreen.storyboard;
			sourceTree = "<group>";
		};
/* End PBXVariantGroup section */

/* Begin XCBuildConfiguration section */
		E25FFEB21FC6EDA500F1F3A5 /* Debug */ = {
			isa = XCBuildConfiguration;
			buildSettings = {
				ALWAYS_SEARCH_USER_PATHS = NO;
				CLANG_ANALYZER_NONNULL = YES;
				CLANG_ANALYZER_NUMBER_OBJECT_CONVERSION = YES_AGGRESSIVE;
				CLANG_CXX_LANGUAGE_STANDARD = "gnu++0x";
				CLANG_CXX_LIBRARY = "libc++";
				CLANG_ENABLE_MODULES = YES;
				CLANG_ENABLE_OBJC_ARC = YES;
				CLANG_WARN_BOOL_CONVERSION = YES;
				CLANG_WARN_CONSTANT_CONVERSION = YES;
				CLANG_WARN_DIRECT_OBJC_ISA_USAGE = YES_ERROR;
				CLANG_WARN_DOCUMENTATION_COMMENTS = YES;
				CLANG_WARN_EMPTY_BODY = YES;
				CLANG_WARN_ENUM_CONVERSION = YES;
				CLANG_WARN_INFINITE_RECURSION = YES;
				CLANG_WARN_INT_CONVERSION = YES;
				CLANG_WARN_OBJC_ROOT_CLASS = YES_ERROR;
				CLANG_WARN_SUSPICIOUS_MOVE = YES;
				CLANG_WARN_UNREACHABLE_CODE = YES;
				CLANG_WARN__DUPLICATE_METHOD_MATCH = YES;
				"CODE_SIGN_IDENTITY[sdk=iphoneos*]" = "iPhone Developer";
				COPY_PHASE_STRIP = NO;
				DEBUG_INFORMATION_FORMAT = dwarf;
				ENABLE_STRICT_OBJC_MSGSEND = YES;
				ENABLE_TESTABILITY = YES;
				GCC_C_LANGUAGE_STANDARD = gnu99;
				GCC_DYNAMIC_NO_PIC = NO;
				GCC_NO_COMMON_BLOCKS = YES;
				GCC_OPTIMIZATION_LEVEL = 0;
				GCC_PREPROCESSOR_DEFINITIONS = (
					"DEBUG=1",
					"$(inherited)",
				);
				GCC_WARN_64_TO_32_BIT_CONVERSION = YES;
				GCC_WARN_ABOUT_RETURN_TYPE = YES_ERROR;
				GCC_WARN_UNDECLARED_SELECTOR = YES;
				GCC_WARN_UNINITIALIZED_AUTOS = YES_AGGRESSIVE;
				GCC_WARN_UNUSED_FUNCTION = YES;
				GCC_WARN_UNUSED_VARIABLE = YES;
				IPHONEOS_DEPLOYMENT_TARGET = 10.3;
				MTL_ENABLE_DEBUG_INFO = YES;
				ONLY_ACTIVE_ARCH = YES;
				SDKROOT = iphoneos;
				SWIFT_ACTIVE_COMPILATION_CONDITIONS = DEBUG;
				SWIFT_OPTIMIZATION_LEVEL = "-Onone";
			};
			name = Debug;
		};
		E25FFEB31FC6EDA500F1F3A5 /* Release */ = {
			isa = XCBuildConfiguration;
			buildSettings = {
				ALWAYS_SEARCH_USER_PATHS = NO;
				CLANG_ANALYZER_NONNULL = YES;
				CLANG_ANALYZER_NUMBER_OBJECT_CONVERSION = YES_AGGRESSIVE;
				CLANG_CXX_LANGUAGE_STANDARD = "gnu++0x";
				CLANG_CXX_LIBRARY = "libc++";
				CLANG_ENABLE_MODULES = YES;
				CLANG_ENABLE_OBJC_ARC = YES;
				CLANG_WARN_BOOL_CONVERSION = YES;
				CLANG_WARN_CONSTANT_CONVERSION = YES;
				CLANG_WARN_DIRECT_OBJC_ISA_USAGE = YES_ERROR;
				CLANG_WARN_DOCUMENTATION_COMMENTS = YES;
				CLANG_WARN_EMPTY_BODY = YES;
				CLANG_WARN_ENUM_CONVERSION = YES;
				CLANG_WARN_INFINITE_RECURSION = YES;
				CLANG_WARN_INT_CONVERSION = YES;
				CLANG_WARN_OBJC_ROOT_CLASS = YES_ERROR;
				CLANG_WARN_SUSPICIOUS_MOVE = YES;
				CLANG_WARN_UNREACHABLE_CODE = YES;
				CLANG_WARN__DUPLICATE_METHOD_MATCH = YES;
				"CODE_SIGN_IDENTITY[sdk=iphoneos*]" = "iPhone Developer";
				COPY_PHASE_STRIP = NO;
				DEBUG_INFORMATION_FORMAT = "dwarf-with-dsym";
				ENABLE_NS_ASSERTIONS = NO;
				ENABLE_STRICT_OBJC_MSGSEND = YES;
				GCC_C_LANGUAGE_STANDARD = gnu99;
				GCC_NO_COMMON_BLOCKS = YES;
				GCC_WARN_64_TO_32_BIT_CONVERSION = YES;
				GCC_WARN_ABOUT_RETURN_TYPE = YES_ERROR;
				GCC_WARN_UNDECLARED_SELECTOR = YES;
				GCC_WARN_UNINITIALIZED_AUTOS = YES_AGGRESSIVE;
				GCC_WARN_UNUSED_FUNCTION = YES;
				GCC_WARN_UNUSED_VARIABLE = YES;
				IPHONEOS_DEPLOYMENT_TARGET = 10.3;
				MTL_ENABLE_DEBUG_INFO = NO;
				SDKROOT = iphoneos;
				SWIFT_OPTIMIZATION_LEVEL = "-Owholemodule";
				VALIDATE_PRODUCT = YES;
			};
			name = Release;
		};
		E25FFEB51FC6EDA500F1F3A5 /* Debug */ = {
			isa = XCBuildConfiguration;
			buildSettings = {
				ASSETCATALOG_COMPILER_APPICON_NAME = AppIcon;
				FRAMEWORK_SEARCH_PATHS = (
					"$(inherited)",
					"$(PROJECT_DIR)/Carthage/Build/iOS",
				);
				INFOPLIST_FILE = EventKeeper/Info.plist;
				LD_RUNPATH_SEARCH_PATHS = "$(inherited) @executable_path/Frameworks";
				PRODUCT_BUNDLE_IDENTIFIER = com.part1.EventKeeper;
				PRODUCT_NAME = "$(TARGET_NAME)";
				SWIFT_SWIFT3_OBJC_INFERENCE = On;
				SWIFT_VERSION = 4.0;
			};
			name = Debug;
		};
		E25FFEB61FC6EDA500F1F3A5 /* Release */ = {
			isa = XCBuildConfiguration;
			buildSettings = {
				ASSETCATALOG_COMPILER_APPICON_NAME = AppIcon;
				FRAMEWORK_SEARCH_PATHS = (
					"$(inherited)",
					"$(PROJECT_DIR)/Carthage/Build/iOS",
				);
				INFOPLIST_FILE = EventKeeper/Info.plist;
				LD_RUNPATH_SEARCH_PATHS = "$(inherited) @executable_path/Frameworks";
				PRODUCT_BUNDLE_IDENTIFIER = com.part1.EventKeeper;
				PRODUCT_NAME = "$(TARGET_NAME)";
				SWIFT_SWIFT3_OBJC_INFERENCE = On;
				SWIFT_VERSION = 4.0;
			};
			name = Release;
		};
		E25FFEB81FC6EDA500F1F3A5 /* Debug */ = {
			isa = XCBuildConfiguration;
			buildSettings = {
				ALWAYS_EMBED_SWIFT_STANDARD_LIBRARIES = YES;
				BUNDLE_LOADER = "$(TEST_HOST)";
				FRAMEWORK_SEARCH_PATHS = (
					"$(inherited)",
					"$(PROJECT_DIR)/Carthage/Build/iOS",
				);
				INFOPLIST_FILE = EventKeeperTests/Info.plist;
				LD_RUNPATH_SEARCH_PATHS = "$(inherited) @executable_path/Frameworks @loader_path/Frameworks";
				PRODUCT_BUNDLE_IDENTIFIER = com.part1.EventKeeperTests;
				PRODUCT_NAME = "$(TARGET_NAME)";
				SWIFT_SWIFT3_OBJC_INFERENCE = On;
				SWIFT_VERSION = 4.0;
				TEST_HOST = "$(BUILT_PRODUCTS_DIR)/EventKeeper.app/EventKeeper";
			};
			name = Debug;
		};
		E25FFEB91FC6EDA500F1F3A5 /* Release */ = {
			isa = XCBuildConfiguration;
			buildSettings = {
				ALWAYS_EMBED_SWIFT_STANDARD_LIBRARIES = YES;
				BUNDLE_LOADER = "$(TEST_HOST)";
				FRAMEWORK_SEARCH_PATHS = (
					"$(inherited)",
					"$(PROJECT_DIR)/Carthage/Build/iOS",
				);
				INFOPLIST_FILE = EventKeeperTests/Info.plist;
				LD_RUNPATH_SEARCH_PATHS = "$(inherited) @executable_path/Frameworks @loader_path/Frameworks";
				PRODUCT_BUNDLE_IDENTIFIER = com.part1.EventKeeperTests;
				PRODUCT_NAME = "$(TARGET_NAME)";
				SWIFT_SWIFT3_OBJC_INFERENCE = On;
				SWIFT_VERSION = 4.0;
				TEST_HOST = "$(BUILT_PRODUCTS_DIR)/EventKeeper.app/EventKeeper";
			};
			name = Release;
		};
/* End XCBuildConfiguration section */

/* Begin XCConfigurationList section */
		E25FFE8F1FC6EDA500F1F3A5 /* Build configuration list for PBXProject "EventKeeper" */ = {
			isa = XCConfigurationList;
			buildConfigurations = (
				E25FFEB21FC6EDA500F1F3A5 /* Debug */,
				E25FFEB31FC6EDA500F1F3A5 /* Release */,
			);
			defaultConfigurationIsVisible = 0;
			defaultConfigurationName = Release;
		};
		E25FFEB41FC6EDA500F1F3A5 /* Build configuration list for PBXNativeTarget "EventKeeper" */ = {
			isa = XCConfigurationList;
			buildConfigurations = (
				E25FFEB51FC6EDA500F1F3A5 /* Debug */,
				E25FFEB61FC6EDA500F1F3A5 /* Release */,
			);
			defaultConfigurationIsVisible = 0;
			defaultConfigurationName = Release;
		};
		E25FFEB71FC6EDA500F1F3A5 /* Build configuration list for PBXNativeTarget "EventKeeperTests" */ = {
			isa = XCConfigurationList;
			buildConfigurations = (
				E25FFEB81FC6EDA500F1F3A5 /* Debug */,
				E25FFEB91FC6EDA500F1F3A5 /* Release */,
			);
			defaultConfigurationIsVisible = 0;
			defaultConfigurationName = Release;
		};
/* End XCConfigurationList section */

/* Begin XCVersionGroup section */
		E25FFE9E1FC6EDA500F1F3A5 /* EventKeeper.xcdatamodeld */ = {
			isa = XCVersionGroup;
			children = (
				E25FFE9F1FC6EDA500F1F3A5 /* EventKeeper.xcdatamodel */,
			);
			currentVersion = E25FFE9F1FC6EDA500F1F3A5 /* EventKeeper.xcdatamodel */;
			path = EventKeeper.xcdatamodeld;
			sourceTree = "<group>";
			versionGroupType = wrapper.xcdatamodel;
		};
/* End XCVersionGroup section */
	};
	rootObject = E25FFE8C1FC6EDA500F1F3A5 /* Project object */;
}
